
Microsoft Visual Studio Solution File, Format Version 12.00
# Visual Studio 2013
VisualStudioVersion = 12.0.30501.0
MinimumVisualStudioVersion = 10.0.40219.1
Project("{FAE04EC0-301F-11D3-BF4B-00C04F79EFBC}") = "C5.IntervalHotSpots", "C5.IntervalHotSpots\C5.IntervalHotSpots.csproj", "{FF3DEB1E-D19F-49B4-A73D-CA8544F9B113}"
EndProject
Project("{FAE04EC0-301F-11D3-BF4B-00C04F79EFBC}") = "C5.Performance.Wpf", "C5.Performance.Wpf\C5.Performance.Wpf.csproj", "{2FDF20F0-55AF-4A44-90ED-E658ADD5D500}"
EndProject
Project("{FAE04EC0-301F-11D3-BF4B-00C04F79EFBC}") = "C5.Ucsc", "C5.Ucsc\C5.Ucsc.csproj", "{2B89EBFA-7CBC-46B3-943F-10209C906294}"
EndProject
Project("{2150E333-8FDC-42A3-9474-1A3956D46DE8}") = ".nuget", ".nuget", "{23EF826C-41E5-4E26-8CAD-02FC0124E85E}"
	ProjectSection(SolutionItems) = preProject
		.nuget\NuGet.Config = .nuget\NuGet.Config
		.nuget\NuGet.exe = .nuget\NuGet.exe
		.nuget\NuGet.targets = .nuget\NuGet.targets
	EndProjectSection
EndProject
Project("{FAE04EC0-301F-11D3-BF4B-00C04F79EFBC}") = "C5.Intervals.PerformanceRunner", "C5.Intervals.PerformanceRunner\C5.Intervals.PerformanceRunner.csproj", "{49A6064D-E94F-498E-BEF8-81893AE5157F}"
EndProject
Project("{FAE04EC0-301F-11D3-BF4B-00C04F79EFBC}") = "C5.Intervals.Performance", "C5.Intervals.Performance\C5.Intervals.Performance.csproj", "{AEC07245-F80B-4071-89BE-C3BED4F71A0C}"
EndProject
Global
	GlobalSection(SolutionConfigurationPlatforms) = preSolution
		CodeAnalysis|Any CPU = CodeAnalysis|Any CPU
		Debug|Any CPU = Debug|Any CPU
		Release|Any CPU = Release|Any CPU
	EndGlobalSection
	GlobalSection(ProjectConfigurationPlatforms) = postSolution
		{FF3DEB1E-D19F-49B4-A73D-CA8544F9B113}.CodeAnalysis|Any CPU.ActiveCfg = CodeAnalysis|Any CPU
		{FF3DEB1E-D19F-49B4-A73D-CA8544F9B113}.CodeAnalysis|Any CPU.Build.0 = CodeAnalysis|Any CPU
		{FF3DEB1E-D19F-49B4-A73D-CA8544F9B113}.Debug|Any CPU.ActiveCfg = Debug|Any CPU
		{FF3DEB1E-D19F-49B4-A73D-CA8544F9B113}.Debug|Any CPU.Build.0 = Debug|Any CPU
		{FF3DEB1E-D19F-49B4-A73D-CA8544F9B113}.Release|Any CPU.ActiveCfg = Release|Any CPU
		{FF3DEB1E-D19F-49B4-A73D-CA8544F9B113}.Release|Any CPU.Build.0 = Release|Any CPU
		{2FDF20F0-55AF-4A44-90ED-E658ADD5D500}.CodeAnalysis|Any CPU.ActiveCfg = CodeAnalysis|Any CPU
		{2FDF20F0-55AF-4A44-90ED-E658ADD5D500}.CodeAnalysis|Any CPU.Build.0 = CodeAnalysis|Any CPU
		{2FDF20F0-55AF-4A44-90ED-E658ADD5D500}.Debug|Any CPU.ActiveCfg = Debug|Any CPU
		{2FDF20F0-55AF-4A44-90ED-E658ADD5D500}.Debug|Any CPU.Build.0 = Debug|Any CPU
		{2FDF20F0-55AF-4A44-90ED-E658ADD5D500}.Release|Any CPU.ActiveCfg = Release|Any CPU
		{2FDF20F0-55AF-4A44-90ED-E658ADD5D500}.Release|Any CPU.Build.0 = Release|Any CPU
		{2B89EBFA-7CBC-46B3-943F-10209C906294}.CodeAnalysis|Any CPU.ActiveCfg = CodeAnalysis|Any CPU
		{2B89EBFA-7CBC-46B3-943F-10209C906294}.CodeAnalysis|Any CPU.Build.0 = CodeAnalysis|Any CPU
		{2B89EBFA-7CBC-46B3-943F-10209C906294}.Debug|Any CPU.ActiveCfg = Debug|Any CPU
		{2B89EBFA-7CBC-46B3-943F-10209C906294}.Debug|Any CPU.Build.0 = Debug|Any CPU
		{2B89EBFA-7CBC-46B3-943F-10209C906294}.Release|Any CPU.ActiveCfg = Release|Any CPU
		{2B89EBFA-7CBC-46B3-943F-10209C906294}.Release|Any CPU.Build.0 = Release|Any CPU
		{49A6064D-E94F-498E-BEF8-81893AE5157F}.CodeAnalysis|Any CPU.ActiveCfg = Release|Any CPU
		{49A6064D-E94F-498E-BEF8-81893AE5157F}.CodeAnalysis|Any CPU.Build.0 = Release|Any CPU
		{49A6064D-E94F-498E-BEF8-81893AE5157F}.Debug|Any CPU.ActiveCfg = Debug|Any CPU
		{49A6064D-E94F-498E-BEF8-81893AE5157F}.Debug|Any CPU.Build.0 = Debug|Any CPU
		{49A6064D-E94F-498E-BEF8-81893AE5157F}.Release|Any CPU.ActiveCfg = Release|Any CPU
		{49A6064D-E94F-498E-BEF8-81893AE5157F}.Release|Any CPU.Build.0 = Release|Any CPU
		{AEC07245-F80B-4071-89BE-C3BED4F71A0C}.CodeAnalysis|Any CPU.ActiveCfg = Release|Any CPU
		{AEC07245-F80B-4071-89BE-C3BED4F71A0C}.CodeAnalysis|Any CPU.Build.0 = Release|Any CPU
		{AEC07245-F80B-4071-89BE-C3BED4F71A0C}.Debug|Any CPU.ActiveCfg = Debug|Any CPU
		{AEC07245-F80B-4071-89BE-C3BED4F71A0C}.Debug|Any CPU.Build.0 = Debug|Any CPU
		{AEC07245-F80B-4071-89BE-C3BED4F71A0C}.Release|Any CPU.ActiveCfg = Release|Any CPU
		{AEC07245-F80B-4071-89BE-C3BED4F71A0C}.Release|Any CPU.Build.0 = Release|Any CPU
	EndGlobalSection
	GlobalSection(SolutionProperties) = preSolution
		HideSolutionNode = FALSE
	EndGlobalSection
EndGlobal
